{
  "name": "event-hub-loader",
  "version": "1.0.0",
  "lockfileVersion": 1,
  "requires": true,
  "dependencies": {
    "azure-iot-common": {
      "version": "1.1.11",
      "resolved": "https://registry.npmjs.org/azure-iot-common/-/azure-iot-common-1.1.11.tgz",
      "integrity": "sha1-bUVn3OR0tMz591RL8nlwKyuw7xU=",
      "requires": {
        "crypto": "0.0.3"
      }
    },
    "crypto": {
      "version": "0.0.3",
      "resolved": "https://registry.npmjs.org/crypto/-/crypto-0.0.3.tgz",
      "integrity": "sha1-RwqBuGvkxe4XrMggeh9TFa4g27A="
    }
  }
}
